// !$*UTF8*$!
{
	archiveVersion = 1;
	classes = {
	};
	objectVersion = 56;
	objects = {

/* Begin PBXBuildFile section */
		D77614252B3E2302001D84E6 /* Guess_The_DrawingApp.swift in Sources */ = {isa = PBXBuildFile; fileRef = D77614242B3E2302001D84E6 /* Guess_The_DrawingApp.swift */; };
		D77614272B3E2302001D84E6 /* ContentView.swift in Sources */ = {isa = PBXBuildFile; fileRef = D77614262B3E2302001D84E6 /* ContentView.swift */; };
		D77614292B3E2304001D84E6 /* Assets.xcassets in Resources */ = {isa = PBXBuildFile; fileRef = D77614282B3E2304001D84E6 /* Assets.xcassets */; };
		D776142C2B3E2304001D84E6 /* Preview Assets.xcassets in Resources */ = {isa = PBXBuildFile; fileRef = D776142B2B3E2304001D84E6 /* Preview Assets.xcassets */; };
		D77614332B3FF942001D84E6 /* MenuView.swift in Sources */ = {isa = PBXBuildFile; fileRef = D77614322B3FF942001D84E6 /* MenuView.swift */; };
		D77614352B3FF96B001D84E6 /* MatchManager.swift in Sources */ = {isa = PBXBuildFile; fileRef = D77614342B3FF96B001D84E6 /* MatchManager.swift */; };
		D77614372B424071001D84E6 /* Misc.swift in Sources */ = {isa = PBXBuildFile; fileRef = D77614362B424071001D84E6 /* Misc.swift */; };
		D77614392B491C63001D84E6 /* GameOverView.swift in Sources */ = {isa = PBXBuildFile; fileRef = D77614382B491C63001D84E6 /* GameOverView.swift */; };
		D7A61B382B4AA9EE0087A50B /* GameView.swift in Sources */ = {isa = PBXBuildFile; fileRef = D7A61B372B4AA9EE0087A50B /* GameView.swift */; };
		D7ADD7492B4D7E86004B7618 /* DrawingView.swift in Sources */ = {isa = PBXBuildFile; fileRef = D7ADD7482B4D7E86004B7618 /* DrawingView.swift */; };
/* End PBXBuildFile section */

/* Begin PBXFileReference section */
		D768E1F12B54BB61006CF976 /* Guess The Drawing.entitlements */ = {isa = PBXFileReference; lastKnownFileType = text.plist.entitlements; path = "Guess The Drawing.entitlements"; sourceTree = "<group>"; };
		D77614212B3E2302001D84E6 /* Guess The Drawing.app */ = {isa = PBXFileReference; explicitFileType = wrapper.application; includeInIndex = 0; path = "Guess The Drawing.app"; sourceTree = BUILT_PRODUCTS_DIR; };
		D77614242B3E2302001D84E6 /* Guess_The_DrawingApp.swift */ = {isa = PBXFileReference; lastKnownFileType = sourcecode.swift; path = Guess_The_DrawingApp.swift; sourceTree = "<group>"; };
		D77614262B3E2302001D84E6 /* ContentView.swift */ = {isa = PBXFileReference; lastKnownFileType = sourcecode.swift; path = ContentView.swift; sourceTree = "<group>"; };
		D77614282B3E2304001D84E6 /* Assets.xcassets */ = {isa = PBXFileReference; lastKnownFileType = folder.assetcatalog; path = Assets.xcassets; sourceTree = "<group>"; };
		D776142B2B3E2304001D84E6 /* Preview Assets.xcassets */ = {isa = PBXFileReference; lastKnownFileType = folder.assetcatalog; path = "Preview Assets.xcassets"; sourceTree = "<group>"; };
		D77614322B3FF942001D84E6 /* MenuView.swift */ = {isa = PBXFileReference; lastKnownFileType = sourcecode.swift; path = MenuView.swift; sourceTree = "<group>"; };
		D77614342B3FF96B001D84E6 /* MatchManager.swift */ = {isa = PBXFileReference; lastKnownFileType = sourcecode.swift; path = MatchManager.swift; sourceTree = "<group>"; };
		D77614362B424071001D84E6 /* Misc.swift */ = {isa = PBXFileReference; lastKnownFileType = sourcecode.swift; path = Misc.swift; sourceTree = "<group>"; };
		D77614382B491C63001D84E6 /* GameOverView.swift */ = {isa = PBXFileReference; lastKnownFileType = sourcecode.swift; path = GameOverView.swift; sourceTree = "<group>"; };
		D7A61B372B4AA9EE0087A50B /* GameView.swift */ = {isa = PBXFileReference; lastKnownFileType = sourcecode.swift; path = GameView.swift; sourceTree = "<group>"; };
		D7ADD7482B4D7E86004B7618 /* DrawingView.swift */ = {isa = PBXFileReference; lastKnownFileType = sourcecode.swift; path = DrawingView.swift; sourceTree = "<group>"; };
/* End PBXFileReference section */

/* Begin PBXFrameworksBuildPhase section */
		D776141E2B3E2302001D84E6 /* Frameworks */ = {
			isa = PBXFrameworksBuildPhase;
			buildActionMask = 2147483647;
			files = (
			);
			runOnlyForDeploymentPostprocessing = 0;
		};
/* End PBXFrameworksBuildPhase section */

/* Begin PBXGroup section */
		D77614182B3E2302001D84E6 = {
			isa = PBXGroup;
			children = (
				D77614232B3E2302001D84E6 /* Guess The Drawing */,
				D77614222B3E2302001D84E6 /* Products */,
			);
			sourceTree = "<group>";
		};
		D77614222B3E2302001D84E6 /* Products */ = {
			isa = PBXGroup;
			children = (
				D77614212B3E2302001D84E6 /* Guess The Drawing.app */,
			);
			name = Products;
			sourceTree = "<group>";
		};
		D77614232B3E2302001D84E6 /* Guess The Drawing */ = {
			isa = PBXGroup;
			children = (
				D768E1F12B54BB61006CF976 /* Guess The Drawing.entitlements */,
				D77614242B3E2302001D84E6 /* Guess_The_DrawingApp.swift */,
				D77614262B3E2302001D84E6 /* ContentView.swift */,
				D77614282B3E2304001D84E6 /* Assets.xcassets */,
				D776142A2B3E2304001D84E6 /* Preview Content */,
				D77614322B3FF942001D84E6 /* MenuView.swift */,
				D77614342B3FF96B001D84E6 /* MatchManager.swift */,
				D77614362B424071001D84E6 /* Misc.swift */,
				D77614382B491C63001D84E6 /* GameOverView.swift */,
				D7A61B372B4AA9EE0087A50B /* GameView.swift */,
				D7ADD7482B4D7E86004B7618 /* DrawingView.swift */,
			);
			path = "Guess The Drawing";
			sourceTree = "<group>";
		};
		D776142A2B3E2304001D84E6 /* Preview Content */ = {
			isa = PBXGroup;
			children = (
				D776142B2B3E2304001D84E6 /* Preview Assets.xcassets */,
			);
			path = "Preview Content";
			sourceTree = "<group>";
		};
/* End PBXGroup section */

/* Begin PBXNativeTarget section */
		D77614202B3E2302001D84E6 /* Guess The Drawing */ = {
			isa = PBXNativeTarget;
			buildConfigurationList = D776142F2B3E2304001D84E6 /* Build configuration list for PBXNativeTarget "Guess The Drawing" */;
			buildPhases = (
				D776141D2B3E2302001D84E6 /* Sources */,
				D776141E2B3E2302001D84E6 /* Frameworks */,
				D776141F2B3E2302001D84E6 /* Resources */,
			);
			buildRules = (
			);
			dependencies = (
			);
			name = "Guess The Drawing";
			productName = "Guess The Drawing";
			productReference = D77614212B3E2302001D84E6 /* Guess The Drawing.app */;
			productType = "com.apple.product-type.application";
		};
/* End PBXNativeTarget section */

/* Begin PBXProject section */
		D77614192B3E2302001D84E6 /* Project object */ = {
			isa = PBXProject;
			attributes = {
				BuildIndependentTargetsInParallel = 1;
				LastSwiftUpdateCheck = 1510;
				LastUpgradeCheck = 1510;
				TargetAttributes = {
					D77614202B3E2302001D84E6 = {
						CreatedOnToolsVersion = 15.1;
					};
				};
			};
			buildConfigurationList = D776141C2B3E2302001D84E6 /* Build configuration list for PBXProject "Guess The Drawing" */;
			compatibilityVersion = "Xcode 14.0";
			developmentRegion = en;
			hasScannedForEncodings = 0;
			knownRegions = (
				en,
				Base,
			);
			mainGroup = D77614182B3E2302001D84E6;
			productRefGroup = D77614222B3E2302001D84E6 /* Products */;
			projectDirPath = "";
			projectRoot = "";
			targets = (
				D77614202B3E2302001D84E6 /* Guess The Drawing */,
			);
		};
/* End PBXProject section */

/* Begin PBXResourcesBuildPhase section */
		D776141F2B3E2302001D84E6 /* Resources */ = {
			isa = PBXResourcesBuildPhase;
			buildActionMask = 2147483647;
			files = (
				D776142C2B3E2304001D84E6 /* Preview Assets.xcassets in Resources */,
				D77614292B3E2304001D84E6 /* Assets.xcassets in Resources */,
			);
			runOnlyForDeploymentPostprocessing = 0;
		};
/* End PBXResourcesBuildPhase section */

/* Begin PBXSourcesBuildPhase section */
		D776141D2B3E2302001D84E6 /* Sources */ = {
			isa = PBXSourcesBuildPhase;
			buildActionMask = 2147483647;
			files = (
				D77614272B3E2302001D84E6 /* ContentView.swift in Sources */,
				D77614352B3FF96B001D84E6 /* MatchManager.swift in Sources */,
				D77614332B3FF942001D84E6 /* MenuView.swift in Sources */,
				D7ADD7492B4D7E86004B7618 /* DrawingView.swift in Sources */,
				D77614372B424071001D84E6 /* Misc.swift in Sources */,
				D77614392B491C63001D84E6 /* GameOverView.swift in Sources */,
				D77614252B3E2302001D84E6 /* Guess_The_DrawingApp.swift in Sources */,
				D7A61B382B4AA9EE0087A50B /* GameView.swift in Sources */,
			);
			runOnlyForDeploymentPostprocessing = 0;
		};
/* End PBXSourcesBuildPhase section */

/* Begin XCBuildConfiguration section */
		D776142D2B3E2304001D84E6 /* Debug */ = {
			isa = XCBuildConfiguration;
			buildSettings = {
				ALWAYS_SEARCH_USER_PATHS = NO;
				ASSETCATALOG_COMPILER_GENERATE_SWIFT_ASSET_SYMBOL_EXTENSIONS = YES;
				CLANG_ANALYZER_NONNULL = YES;
				CLANG_ANALYZER_NUMBER_OBJECT_CONVERSION = YES_AGGRESSIVE;
				CLANG_CXX_LANGUAGE_STANDARD = "gnu++20";
				CLANG_ENABLE_MODULES = YES;
				CLANG_ENABLE_OBJC_ARC = YES;
				CLANG_ENABLE_OBJC_WEAK = YES;
				CLANG_WARN_BLOCK_CAPTURE_AUTORELEASING = YES;
				CLANG_WARN_BOOL_CONVERSION = YES;
				CLANG_WARN_COMMA = YES;
				CLANG_WARN_CONSTANT_CONVERSION = YES;
				CLANG_WARN_DEPRECATED_OBJC_IMPLEMENTATIONS = YES;
				CLANG_WARN_DIRECT_OBJC_ISA_USAGE = YES_ERROR;
				CLANG_WARN_DOCUMENTATION_COMMENTS = YES;
				CLANG_WARN_EMPTY_BODY = YES;
				CLANG_WARN_ENUM_CONVERSION = YES;
				CLANG_WARN_INFINITE_RECURSION = YES;
				CLANG_WARN_INT_CONVERSION = YES;
				CLANG_WARN_NON_LITERAL_NULL_CONVERSION = YES;
				CLANG_WARN_OBJC_IMPLICIT_RETAIN_SELF = YES;
				CLANG_WARN_OBJC_LITERAL_CONVERSION = YES;
				CLANG_WARN_OBJC_ROOT_CLASS = YES_ERROR;
				CLANG_WARN_QUOTED_INCLUDE_IN_FRAMEWORK_HEADER = YES;
				CLANG_WARN_RANGE_LOOP_ANALYSIS = YES;
				CLANG_WARN_STRICT_PROTOTYPES = YES;
				CLANG_WARN_SUSPICIOUS_MOVE = YES;
				CLANG_WARN_UNGUARDED_AVAILABILITY = YES_AGGRESSIVE;
				CLANG_WARN_UNREACHABLE_CODE = YES;
				CLANG_WARN__DUPLICATE_METHOD_MATCH = YES;
				COPY_PHASE_STRIP = NO;
				DEBUG_INFORMATION_FORMAT = dwarf;
				ENABLE_STRICT_OBJC_MSGSEND = YES;
				ENABLE_TESTABILITY = YES;
				ENABLE_USER_SCRIPT_SANDBOXING = YES;
				GCC_C_LANGUAGE_STANDARD = gnu17;
				GCC_DYNAMIC_NO_PIC = NO;
				GCC_NO_COMMON_BLOCKS = YES;
				GCC_OPTIMIZATION_LEVEL = 0;
				GCC_PREPROCESSOR_DEFINITIONS = (
					"DEBUG=1",
					"$(inherited)",
				);
				GCC_WARN_64_TO_32_BIT_CONVERSION = YES;
				GCC_WARN_ABOUT_RETURN_TYPE = YES_ERROR;
				GCC_WARN_UNDECLARED_SELECTOR = YES;
				GCC_WARN_UNINITIALIZED_AUTOS = YES_AGGRESSIVE;
				GCC_WARN_UNUSED_FUNCTION = YES;
				GCC_WARN_UNUSED_VARIABLE = YES;
				IPHONEOS_DEPLOYMENT_TARGET = 17.2;
				LOCALIZATION_PREFERS_STRING_CATALOGS = YES;
				MTL_ENABLE_DEBUG_INFO = INCLUDE_SOURCE;
				MTL_FAST_MATH = YES;
				ONLY_ACTIVE_ARCH = YES;
				SDKROOT = iphoneos;
				SWIFT_ACTIVE_COMPILATION_CONDITIONS = "DEBUG $(inherited)";
				SWIFT_OPTIMIZATION_LEVEL = "-Onone";
			};
			name = Debug;
		};
		D776142E2B3E2304001D84E6 /* Release */ = {
			isa = XCBuildConfiguration;
			buildSettings = {
				ALWAYS_SEARCH_USER_PATHS = NO;
				ASSETCATALOG_COMPILER_GENERATE_SWIFT_ASSET_SYMBOL_EXTENSIONS = YES;
				CLANG_ANALYZER_NONNULL = YES;
				CLANG_ANALYZER_NUMBER_OBJECT_CONVERSION = YES_AGGRESSIVE;
				CLANG_CXX_LANGUAGE_STANDARD = "gnu++20";
				CLANG_ENABLE_MODULES = YES;
				CLANG_ENABLE_OBJC_ARC = YES;
				CLANG_ENABLE_OBJC_WEAK = YES;
				CLANG_WARN_BLOCK_CAPTURE_AUTORELEASING = YES;
				CLANG_WARN_BOOL_CONVERSION = YES;
				CLANG_WARN_COMMA = YES;
				CLANG_WARN_CONSTANT_CONVERSION = YES;
				CLANG_WARN_DEPRECATED_OBJC_IMPLEMENTATIONS = YES;
				CLANG_WARN_DIRECT_OBJC_ISA_USAGE = YES_ERROR;
				CLANG_WARN_DOCUMENTATION_COMMENTS = YES;
				CLANG_WARN_EMPTY_BODY = YES;
				CLANG_WARN_ENUM_CONVERSION = YES;
				CLANG_WARN_INFINITE_RECURSION = YES;
				CLANG_WARN_INT_CONVERSION = YES;
				CLANG_WARN_NON_LITERAL_NULL_CONVERSION = YES;
				CLANG_WARN_OBJC_IMPLICIT_RETAIN_SELF = YES;
				CLANG_WARN_OBJC_LITERAL_CONVERSION = YES;
				CLANG_WARN_OBJC_ROOT_CLASS = YES_ERROR;
				CLANG_WARN_QUOTED_INCLUDE_IN_FRAMEWORK_HEADER = YES;
				CLANG_WARN_RANGE_LOOP_ANALYSIS = YES;
				CLANG_WARN_STRICT_PROTOTYPES = YES;
				CLANG_WARN_SUSPICIOUS_MOVE = YES;
				CLANG_WARN_UNGUARDED_AVAILABILITY = YES_AGGRESSIVE;
				CLANG_WARN_UNREACHABLE_CODE = YES;
				CLANG_WARN__DUPLICATE_METHOD_MATCH = YES;
				COPY_PHASE_STRIP = NO;
				DEBUG_INFORMATION_FORMAT = "dwarf-with-dsym";
				ENABLE_NS_ASSERTIONS = NO;
				ENABLE_STRICT_OBJC_MSGSEND = YES;
				ENABLE_USER_SCRIPT_SANDBOXING = YES;
				GCC_C_LANGUAGE_STANDARD = gnu17;
				GCC_NO_COMMON_BLOCKS = YES;
				GCC_WARN_64_TO_32_BIT_CONVERSION = YES;
				GCC_WARN_ABOUT_RETURN_TYPE = YES_ERROR;
				GCC_WARN_UNDECLARED_SELECTOR = YES;
				GCC_WARN_UNINITIALIZED_AUTOS = YES_AGGRESSIVE;
				GCC_WARN_UNUSED_FUNCTION = YES;
				GCC_WARN_UNUSED_VARIABLE = YES;
				IPHONEOS_DEPLOYMENT_TARGET = 17.2;
				LOCALIZATION_PREFERS_STRING_CATALOGS = YES;
				MTL_ENABLE_DEBUG_INFO = NO;
				MTL_FAST_MATH = YES;
				SDKROOT = iphoneos;
				SWIFT_COMPILATION_MODE = wholemodule;
				VALIDATE_PRODUCT = YES;
			};
			name = Release;
		};
		D77614302B3E2304001D84E6 /* Debug */ = {
			isa = XCBuildConfiguration;
			buildSettings = {
				ASSETCATALOG_COMPILER_APPICON_NAME = AppIcon;
				ASSETCATALOG_COMPILER_GLOBAL_ACCENT_COLOR_NAME = AccentColor;
				CODE_SIGN_ENTITLEMENTS = "Guess The Drawing/Guess The Drawing.entitlements";
				CODE_SIGN_STYLE = Automatic;
				CURRENT_PROJECT_VERSION = 1;
				DEVELOPMENT_ASSET_PATHS = "\"Guess The Drawing/Preview Content\"";
				DEVELOPMENT_TEAM = Z4ATHXWCDV;
				ENABLE_PREVIEWS = YES;
				GENERATE_INFOPLIST_FILE = YES;
				INFOPLIST_KEY_UIApplicationSceneManifest_Generation = YES;
				INFOPLIST_KEY_UIApplicationSupportsIndirectInputEvents = YES;
				INFOPLIST_KEY_UILaunchScreen_Generation = YES;
				INFOPLIST_KEY_UISupportedInterfaceOrientations_iPad = "UIInterfaceOrientationPortrait UIInterfaceOrientationPortraitUpsideDown UIInterfaceOrientationLandscapeLeft UIInterfaceOrientationLandscapeRight";
				INFOPLIST_KEY_UISupportedInterfaceOrientations_iPhone = "UIInterfaceOrientationPortrait UIInterfaceOrientationLandscapeLeft UIInterfaceOrientationLandscapeRight";
				LD_RUNPATH_SEARCH_PATHS = (
					"$(inherited)",
					"@executable_path/Frameworks",
				);
				MARKETING_VERSION = 1.0;
				PRODUCT_BUNDLE_IDENTIFIER = "com.leonardmccook.Guess-The-Drawing";
				PRODUCT_NAME = "$(TARGET_NAME)";
				SWIFT_EMIT_LOC_STRINGS = YES;
				SWIFT_VERSION = 5.0;
				TARGETED_DEVICE_FAMILY = "1,2";
			};
			name = Debug;
		};
		D77614312B3E2304001D84E6 /* Release */ = {
			isa = XCBuildConfiguration;
			buildSettings = {
				ASSETCATALOG_COMPILER_APPICON_NAME = AppIcon;
				ASSETCATALOG_COMPILER_GLOBAL_ACCENT_COLOR_NAME = AccentColor;
				CODE_SIGN_ENTITLEMENTS = "Guess The Drawing/Guess The Drawing.entitlements";
				CODE_SIGN_STYLE = Automatic;
				CURRENT_PROJECT_VERSION = 1;
				DEVELOPMENT_ASSET_PATHS = "\"Guess The Drawing/Preview Content\"";
				DEVELOPMENT_TEAM = Z4ATHXWCDV;
				ENABLE_PREVIEWS = YES;
				GENERATE_INFOPLIST_FILE = YES;
				INFOPLIST_KEY_UIApplicationSceneManifest_Generation = YES;
				INFOPLIST_KEY_UIApplicationSupportsIndirectInputEvents = YES;
				INFOPLIST_KEY_UILaunchScreen_Generation = YES;
				INFOPLIST_KEY_UISupportedInterfaceOrientations_iPad = "UIInterfaceOrientationPortrait UIInterfaceOrientationPortraitUpsideDown UIInterfaceOrientationLandscapeLeft UIInterfaceOrientationLandscapeRight";
				INFOPLIST_KEY_UISupportedInterfaceOrientations_iPhone = "UIInterfaceOrientationPortrait UIInterfaceOrientationLandscapeLeft UIInterfaceOrientationLandscapeRight";
				LD_RUNPATH_SEARCH_PATHS = (
					"$(inherited)",
					"@executable_path/Frameworks",
				);
				MARKETING_VERSION = 1.0;
				PRODUCT_BUNDLE_IDENTIFIER = "com.leonardmccook.Guess-The-Drawing";
				PRODUCT_NAME = "$(TARGET_NAME)";
				SWIFT_EMIT_LOC_STRINGS = YES;
				SWIFT_VERSION = 5.0;
				TARGETED_DEVICE_FAMILY = "1,2";
			};
			name = Release;
		};
/* End XCBuildConfiguration section */

/* Begin XCConfigurationList section */
		D776141C2B3E2302001D84E6 /* Build configuration list for PBXProject "Guess The Drawing" */ = {
			isa = XCConfigurationList;
			buildConfigurations = (
				D776142D2B3E2304001D84E6 /* Debug */,
				D776142E2B3E2304001D84E6 /* Release */,
			);
			defaultConfigurationIsVisible = 0;
			defaultConfigurationName = Release;
		};
		D776142F2B3E2304001D84E6 /* Build configuration list for PBXNativeTarget "Guess The Drawing" */ = {
			isa = XCConfigurationList;
			buildConfigurations = (
				D77614302B3E2304001D84E6 /* Debug */,
				D77614312B3E2304001D84E6 /* Release */,
			);
			defaultConfigurationIsVisible = 0;
			defaultConfigurationName = Release;
		};
/* End XCConfigurationList section */
	};
	rootObject = D77614192B3E2302001D84E6 /* Project object */;
}
